// !$*UTF8*$!
{
	archiveVersion = 1;
	classes = {
	};
	objectVersion = 56;
	objects = {

/* Begin PBXBuildFile section */
		100000000000000000000001 /* Models.swift in Sources */ = {isa = PBXBuildFile; fileRef = 200000000000000000000001 /* Models.swift */; };
		100000000000000000000002 /* JSONCoding.swift in Sources */ = {isa = PBXBuildFile; fileRef = 200000000000000000000002 /* JSONCoding.swift */; };
		100000000000000000000003 /* KeywordExtractor.swift in Sources */ = {isa = PBXBuildFile; fileRef = 200000000000000000000003 /* KeywordExtractor.swift */; };
		100000000000000000000004 /* Normalization.swift in Sources */ = {isa = PBXBuildFile; fileRef = 200000000000000000000004 /* Normalization.swift */; };
		100000000000000000000005 /* Personalization.swift in Sources */ = {isa = PBXBuildFile; fileRef = 200000000000000000000005 /* Personalization.swift */; };
		100000000000000000000006 /* RSSFeedParser.swift in Sources */ = {isa = PBXBuildFile; fileRef = 200000000000000000000006 /* RSSFeedParser.swift */; };
		100000000000000000000007 /* NewsDeduplicator.swift in Sources */ = {isa = PBXBuildFile; fileRef = 200000000000000000000007 /* NewsDeduplicator.swift */; };
		100000000000000000000014 /* TypewriterPlayback.swift in Sources */ = {isa = PBXBuildFile; fileRef = 200000000000000000000015 /* TypewriterPlayback.swift */; };
		100000000000000000000015 /* MBCNewsJSONFeedParser.swift in Sources */ = {isa = PBXBuildFile; fileRef = 200000000000000000000016 /* MBCNewsJSONFeedParser.swift */; };
		100000000000000000000016 /* MatrixGlyphSet.swift in Sources */ = {isa = PBXBuildFile; fileRef = 200000000000000000000017 /* MatrixGlyphSet.swift */; };
		100000000000000000000008 /* MatrixNewsApplication.swift in Sources */ = {isa = PBXBuildFile; fileRef = 200000000000000000000008 /* MatrixNewsApplication.swift */; };
		100000000000000000000009 /* NewsViewModel.swift in Sources */ = {isa = PBXBuildFile; fileRef = 200000000000000000000009 /* NewsViewModel.swift */; };
		10000000000000000000000A /* PreferenceSyncStore.swift in Sources */ = {isa = PBXBuildFile; fileRef = 20000000000000000000000A /* PreferenceSyncStore.swift */; };
		10000000000000000000000B /* BundleJSONLoader.swift in Sources */ = {isa = PBXBuildFile; fileRef = 20000000000000000000000B /* BundleJSONLoader.swift */; };
		10000000000000000000000C /* SampleNews.swift in Sources */ = {isa = PBXBuildFile; fileRef = 20000000000000000000000C /* SampleNews.swift */; };
		10000000000000000000000D /* MatrixNewsRootView.swift in Sources */ = {isa = PBXBuildFile; fileRef = 20000000000000000000000D /* MatrixNewsRootView.swift */; };
		10000000000000000000000F /* FocusHeadlineView.swift in Sources */ = {isa = PBXBuildFile; fileRef = 20000000000000000000000F /* FocusHeadlineView.swift */; };
		100000000000000000000010 /* MatrixRainBackground.swift in Sources */ = {isa = PBXBuildFile; fileRef = 200000000000000000000010 /* MatrixRainBackground.swift */; };
		100000000000000000000017 /* StableFocusTextLayout.swift in Sources */ = {isa = PBXBuildFile; fileRef = 200000000000000000000018 /* StableFocusTextLayout.swift */; };
		100000000000000000000018 /* MacWindowChromeConfigurator.swift in Sources */ = {isa = PBXBuildFile; fileRef = 200000000000000000000019 /* MacWindowChromeConfigurator.swift */; };
		100000000000000000000019 /* MatrixRainRenderPlan.swift in Sources */ = {isa = PBXBuildFile; fileRef = 20000000000000000000001A /* MatrixRainRenderPlan.swift */; };
		10000000000000000000001C /* MatrixRainMetalBackground.swift in Sources */ = {isa = PBXBuildFile; fileRef = 20000000000000000000001D /* MatrixRainMetalBackground.swift */; };
		100000000000000000000012 /* latest.sample.json in Resources */ = {isa = PBXBuildFile; fileRef = 200000000000000000000012 /* latest.sample.json */; };
		100000000000000000000013 /* sources.sample.json in Resources */ = {isa = PBXBuildFile; fileRef = 200000000000000000000013 /* sources.sample.json */; };
		10000000000000000000001A /* latest.json in Resources */ = {isa = PBXBuildFile; fileRef = 20000000000000000000001B /* latest.json */; };
		10000000000000000000001B /* sources.json in Resources */ = {isa = PBXBuildFile; fileRef = 20000000000000000000001C /* sources.json */; };
/* End PBXBuildFile section */

/* Begin PBXFileReference section */
		200000000000000000000001 /* Models.swift */ = {isa = PBXFileReference; lastKnownFileType = sourcecode.swift; path = Models.swift; sourceTree = "<group>"; };
		200000000000000000000002 /* JSONCoding.swift */ = {isa = PBXFileReference; lastKnownFileType = sourcecode.swift; path = JSONCoding.swift; sourceTree = "<group>"; };
		200000000000000000000003 /* KeywordExtractor.swift */ = {isa = PBXFileReference; lastKnownFileType = sourcecode.swift; path = KeywordExtractor.swift; sourceTree = "<group>"; };
		200000000000000000000004 /* Normalization.swift */ = {isa = PBXFileReference; lastKnownFileType = sourcecode.swift; path = Normalization.swift; sourceTree = "<group>"; };
		200000000000000000000005 /* Personalization.swift */ = {isa = PBXFileReference; lastKnownFileType = sourcecode.swift; path = Personalization.swift; sourceTree = "<group>"; };
		200000000000000000000006 /* RSSFeedParser.swift */ = {isa = PBXFileReference; lastKnownFileType = sourcecode.swift; path = RSSFeedParser.swift; sourceTree = "<group>"; };
		200000000000000000000007 /* NewsDeduplicator.swift */ = {isa = PBXFileReference; lastKnownFileType = sourcecode.swift; path = NewsDeduplicator.swift; sourceTree = "<group>"; };
		200000000000000000000015 /* TypewriterPlayback.swift */ = {isa = PBXFileReference; lastKnownFileType = sourcecode.swift; path = TypewriterPlayback.swift; sourceTree = "<group>"; };
		200000000000000000000016 /* MBCNewsJSONFeedParser.swift */ = {isa = PBXFileReference; lastKnownFileType = sourcecode.swift; path = MBCNewsJSONFeedParser.swift; sourceTree = "<group>"; };
		200000000000000000000017 /* MatrixGlyphSet.swift */ = {isa = PBXFileReference; lastKnownFileType = sourcecode.swift; path = MatrixGlyphSet.swift; sourceTree = "<group>"; };
		200000000000000000000008 /* MatrixNewsApplication.swift */ = {isa = PBXFileReference; lastKnownFileType = sourcecode.swift; path = MatrixNewsApplication.swift; sourceTree = "<group>"; };
		200000000000000000000009 /* NewsViewModel.swift */ = {isa = PBXFileReference; lastKnownFileType = sourcecode.swift; path = NewsViewModel.swift; sourceTree = "<group>"; };
		20000000000000000000000A /* PreferenceSyncStore.swift */ = {isa = PBXFileReference; lastKnownFileType = sourcecode.swift; path = PreferenceSyncStore.swift; sourceTree = "<group>"; };
		20000000000000000000000B /* BundleJSONLoader.swift */ = {isa = PBXFileReference; lastKnownFileType = sourcecode.swift; path = BundleJSONLoader.swift; sourceTree = "<group>"; };
		20000000000000000000000C /* SampleNews.swift */ = {isa = PBXFileReference; lastKnownFileType = sourcecode.swift; path = SampleNews.swift; sourceTree = "<group>"; };
		20000000000000000000000D /* MatrixNewsRootView.swift */ = {isa = PBXFileReference; lastKnownFileType = sourcecode.swift; path = MatrixNewsRootView.swift; sourceTree = "<group>"; };
		20000000000000000000000F /* FocusHeadlineView.swift */ = {isa = PBXFileReference; lastKnownFileType = sourcecode.swift; path = FocusHeadlineView.swift; sourceTree = "<group>"; };
		200000000000000000000010 /* MatrixRainBackground.swift */ = {isa = PBXFileReference; lastKnownFileType = sourcecode.swift; path = MatrixRainBackground.swift; sourceTree = "<group>"; };
		200000000000000000000018 /* StableFocusTextLayout.swift */ = {isa = PBXFileReference; lastKnownFileType = sourcecode.swift; path = StableFocusTextLayout.swift; sourceTree = "<group>"; };
		200000000000000000000019 /* MacWindowChromeConfigurator.swift */ = {isa = PBXFileReference; lastKnownFileType = sourcecode.swift; path = MacWindowChromeConfigurator.swift; sourceTree = "<group>"; };
		20000000000000000000001A /* MatrixRainRenderPlan.swift */ = {isa = PBXFileReference; lastKnownFileType = sourcecode.swift; path = MatrixRainRenderPlan.swift; sourceTree = "<group>"; };
		20000000000000000000001D /* MatrixRainMetalBackground.swift */ = {isa = PBXFileReference; lastKnownFileType = sourcecode.swift; path = MatrixRainMetalBackground.swift; sourceTree = "<group>"; };
		200000000000000000000012 /* latest.sample.json */ = {isa = PBXFileReference; lastKnownFileType = text.json; path = latest.sample.json; sourceTree = "<group>"; };
		200000000000000000000013 /* sources.sample.json */ = {isa = PBXFileReference; lastKnownFileType = text.json; path = sources.sample.json; sourceTree = "<group>"; };
		20000000000000000000001B /* latest.json */ = {isa = PBXFileReference; lastKnownFileType = text.json; path = latest.json; sourceTree = "<group>"; };
		20000000000000000000001C /* sources.json */ = {isa = PBXFileReference; lastKnownFileType = text.json; path = sources.json; sourceTree = "<group>"; };
		200000000000000000000014 /* MatrixNews.entitlements */ = {isa = PBXFileReference; lastKnownFileType = text.plist.entitlements; path = MatrixNews.entitlements; sourceTree = SOURCE_ROOT; };
		800000000000000000000001 /* MatrixNews.app */ = {isa = PBXFileReference; explicitFileType = wrapper.application; includeInIndex = 0; path = MatrixNews.app; sourceTree = BUILT_PRODUCTS_DIR; };
/* End PBXFileReference section */

/* Begin PBXFrameworksBuildPhase section */
		400000000000000000000003 /* Frameworks */ = {
			isa = PBXFrameworksBuildPhase;
			buildActionMask = 2147483647;
			files = (
			);
			runOnlyForDeploymentPostprocessing = 0;
		};
/* End PBXFrameworksBuildPhase section */

/* Begin PBXGroup section */
		300000000000000000000001 = {
			isa = PBXGroup;
			children = (
				300000000000000000000002 /* Sources */,
				200000000000000000000014 /* MatrixNews.entitlements */,
				300000000000000000000006 /* Products */,
			);
			sourceTree = "<group>";
		};
		300000000000000000000002 /* Sources */ = {
			isa = PBXGroup;
			children = (
				300000000000000000000003 /* MatrixNewsCore */,
				300000000000000000000004 /* MatrixNewsApp */,
			);
			path = Sources;
			sourceTree = "<group>";
		};
		300000000000000000000003 /* MatrixNewsCore */ = {
			isa = PBXGroup;
			children = (
				200000000000000000000001 /* Models.swift */,
				200000000000000000000002 /* JSONCoding.swift */,
				200000000000000000000003 /* KeywordExtractor.swift */,
				200000000000000000000004 /* Normalization.swift */,
				200000000000000000000005 /* Personalization.swift */,
				200000000000000000000006 /* RSSFeedParser.swift */,
				200000000000000000000007 /* NewsDeduplicator.swift */,
				200000000000000000000015 /* TypewriterPlayback.swift */,
				200000000000000000000016 /* MBCNewsJSONFeedParser.swift */,
				200000000000000000000017 /* MatrixGlyphSet.swift */,
			);
			path = MatrixNewsCore;
			sourceTree = "<group>";
		};
		300000000000000000000004 /* MatrixNewsApp */ = {
			isa = PBXGroup;
			children = (
				200000000000000000000008 /* MatrixNewsApplication.swift */,
				200000000000000000000009 /* NewsViewModel.swift */,
				20000000000000000000000A /* PreferenceSyncStore.swift */,
				20000000000000000000000B /* BundleJSONLoader.swift */,
				20000000000000000000000C /* SampleNews.swift */,
				20000000000000000000000D /* MatrixNewsRootView.swift */,
				20000000000000000000000F /* FocusHeadlineView.swift */,
				200000000000000000000018 /* StableFocusTextLayout.swift */,
				200000000000000000000010 /* MatrixRainBackground.swift */,
				20000000000000000000001A /* MatrixRainRenderPlan.swift */,
				20000000000000000000001D /* MatrixRainMetalBackground.swift */,
				200000000000000000000019 /* MacWindowChromeConfigurator.swift */,
				300000000000000000000005 /* Resources */,
			);
			path = MatrixNewsApp;
			sourceTree = "<group>";
		};
		300000000000000000000005 /* Resources */ = {
			isa = PBXGroup;
			children = (
				20000000000000000000001B /* latest.json */,
				20000000000000000000001C /* sources.json */,
				200000000000000000000012 /* latest.sample.json */,
				200000000000000000000013 /* sources.sample.json */,
			);
			path = Resources;
			sourceTree = "<group>";
		};
		300000000000000000000006 /* Products */ = {
			isa = PBXGroup;
			children = (
				800000000000000000000001 /* MatrixNews.app */,
			);
			name = Products;
			sourceTree = "<group>";
		};
/* End PBXGroup section */

/* Begin PBXNativeTarget section */
		500000000000000000000001 /* MatrixNews */ = {
			isa = PBXNativeTarget;
			buildConfigurationList = 700000000000000000000002 /* Build configuration list for PBXNativeTarget "MatrixNews" */;
			buildPhases = (
				400000000000000000000001 /* Sources */,
				400000000000000000000003 /* Frameworks */,
				400000000000000000000002 /* Resources */,
			);
			buildRules = (
			);
			dependencies = (
			);
			name = MatrixNews;
			productName = MatrixNews;
			productReference = 800000000000000000000001 /* MatrixNews.app */;
			productType = "com.apple.product-type.application";
		};
/* End PBXNativeTarget section */

/* Begin PBXProject section */
		000000000000000000000001 /* Project object */ = {
			isa = PBXProject;
			attributes = {
				BuildIndependentTargetsInParallel = 1;
				LastSwiftUpdateCheck = 2650;
				LastUpgradeCheck = 2650;
				TargetAttributes = {
					500000000000000000000001 = {
						CreatedOnToolsVersion = 26.5;
					};
				};
			};
			buildConfigurationList = 700000000000000000000001 /* Build configuration list for PBXProject "MatrixNews" */;
			compatibilityVersion = "Xcode 14.0";
			developmentRegion = en;
			hasScannedForEncodings = 0;
			knownRegions = (
				en,
				Base,
			);
			mainGroup = 300000000000000000000001;
			productRefGroup = 300000000000000000000006 /* Products */;
			projectDirPath = "";
			projectRoot = "";
			targets = (
				500000000000000000000001 /* MatrixNews */,
			);
		};
/* End PBXProject section */

/* Begin PBXResourcesBuildPhase section */
		400000000000000000000002 /* Resources */ = {
			isa = PBXResourcesBuildPhase;
			buildActionMask = 2147483647;
			files = (
				10000000000000000000001A /* latest.json in Resources */,
				10000000000000000000001B /* sources.json in Resources */,
				100000000000000000000012 /* latest.sample.json in Resources */,
				100000000000000000000013 /* sources.sample.json in Resources */,
			);
			runOnlyForDeploymentPostprocessing = 0;
		};
/* End PBXResourcesBuildPhase section */

/* Begin PBXSourcesBuildPhase section */
		400000000000000000000001 /* Sources */ = {
			isa = PBXSourcesBuildPhase;
			buildActionMask = 2147483647;
			files = (
				100000000000000000000001 /* Models.swift in Sources */,
				100000000000000000000002 /* JSONCoding.swift in Sources */,
				100000000000000000000003 /* KeywordExtractor.swift in Sources */,
				100000000000000000000004 /* Normalization.swift in Sources */,
				100000000000000000000005 /* Personalization.swift in Sources */,
				100000000000000000000006 /* RSSFeedParser.swift in Sources */,
				100000000000000000000007 /* NewsDeduplicator.swift in Sources */,
				100000000000000000000014 /* TypewriterPlayback.swift in Sources */,
				100000000000000000000015 /* MBCNewsJSONFeedParser.swift in Sources */,
				100000000000000000000016 /* MatrixGlyphSet.swift in Sources */,
				100000000000000000000008 /* MatrixNewsApplication.swift in Sources */,
				100000000000000000000009 /* NewsViewModel.swift in Sources */,
				10000000000000000000000A /* PreferenceSyncStore.swift in Sources */,
				10000000000000000000000B /* BundleJSONLoader.swift in Sources */,
				10000000000000000000000C /* SampleNews.swift in Sources */,
				10000000000000000000000D /* MatrixNewsRootView.swift in Sources */,
				10000000000000000000000F /* FocusHeadlineView.swift in Sources */,
				100000000000000000000017 /* StableFocusTextLayout.swift in Sources */,
				100000000000000000000010 /* MatrixRainBackground.swift in Sources */,
				100000000000000000000019 /* MatrixRainRenderPlan.swift in Sources */,
				10000000000000000000001C /* MatrixRainMetalBackground.swift in Sources */,
				100000000000000000000018 /* MacWindowChromeConfigurator.swift in Sources */,
			);
			runOnlyForDeploymentPostprocessing = 0;
		};
/* End PBXSourcesBuildPhase section */

/* Begin XCBuildConfiguration section */
		600000000000000000000001 /* Debug */ = {
			isa = XCBuildConfiguration;
			buildSettings = {
				ALWAYS_SEARCH_USER_PATHS = NO;
				CLANG_ANALYZER_NONNULL = YES;
				CLANG_ANALYZER_NUMBER_OBJECT_CONVERSION = YES_AGGRESSIVE;
				CLANG_CXX_LANGUAGE_STANDARD = "gnu++20";
				CLANG_ENABLE_MODULES = YES;
				CLANG_ENABLE_OBJC_ARC = YES;
				CLANG_ENABLE_OBJC_WEAK = YES;
				CLANG_WARN_BLOCK_CAPTURE_AUTORELEASING = YES;
				CLANG_WARN_BOOL_CONVERSION = YES;
				CLANG_WARN_COMMA = YES;
				CLANG_WARN_CONSTANT_CONVERSION = YES;
				CLANG_WARN_DEPRECATED_OBJC_IMPLEMENTATIONS = YES;
				CLANG_WARN_DIRECT_OBJC_ISA_USAGE = YES_ERROR;
				CLANG_WARN_DOCUMENTATION_COMMENTS = YES;
				CLANG_WARN_EMPTY_BODY = YES;
				CLANG_WARN_ENUM_CONVERSION = YES;
				CLANG_WARN_INFINITE_RECURSION = YES;
				CLANG_WARN_INT_CONVERSION = YES;
				CLANG_WARN_NON_LITERAL_NULL_CONVERSION = YES;
				CLANG_WARN_OBJC_IMPLICIT_RETAIN_SELF = YES;
				CLANG_WARN_OBJC_LITERAL_CONVERSION = YES;
				CLANG_WARN_OBJC_ROOT_CLASS = YES_ERROR;
				CLANG_WARN_QUOTED_INCLUDE_IN_FRAMEWORK_HEADER = YES;
				CLANG_WARN_RANGE_LOOP_ANALYSIS = YES;
				CLANG_WARN_STRICT_PROTOTYPES = YES;
				CLANG_WARN_SUSPICIOUS_MOVE = YES;
				CLANG_WARN_UNGUARDED_AVAILABILITY = YES_AGGRESSIVE;
				CLANG_WARN_UNREACHABLE_CODE = YES;
				CLANG_WARN__DUPLICATE_METHOD_MATCH = YES;
				COPY_PHASE_STRIP = NO;
				DEBUG_INFORMATION_FORMAT = dwarf;
				ENABLE_STRICT_OBJC_MSGSEND = YES;
				ENABLE_TESTABILITY = YES;
				ENABLE_USER_SCRIPT_SANDBOXING = YES;
				GCC_C_LANGUAGE_STANDARD = gnu17;
				GCC_DYNAMIC_NO_PIC = NO;
				GCC_NO_COMMON_BLOCKS = YES;
				GCC_OPTIMIZATION_LEVEL = 0;
				GCC_PREPROCESSOR_DEFINITIONS = (
					"DEBUG=1",
					"$(inherited)",
				);
				GCC_WARN_64_TO_32_BIT_CONVERSION = YES;
				GCC_WARN_ABOUT_RETURN_TYPE = YES_ERROR;
				GCC_WARN_UNDECLARED_SELECTOR = YES;
				GCC_WARN_UNINITIALIZED_AUTOS = YES_AGGRESSIVE;
				GCC_WARN_UNUSED_FUNCTION = YES;
				GCC_WARN_UNUSED_VARIABLE = YES;
				MTL_ENABLE_DEBUG_INFO = INCLUDE_SOURCE;
				MTL_FAST_MATH = YES;
				ONLY_ACTIVE_ARCH = YES;
				SDKROOT = auto;
				SWIFT_ACTIVE_COMPILATION_CONDITIONS = DEBUG;
				SWIFT_OPTIMIZATION_LEVEL = "-Onone";
				SWIFT_VERSION = 6.0;
			};
			name = Debug;
		};
		600000000000000000000002 /* Release */ = {
			isa = XCBuildConfiguration;
			buildSettings = {
				ALWAYS_SEARCH_USER_PATHS = NO;
				CLANG_ANALYZER_NONNULL = YES;
				CLANG_ANALYZER_NUMBER_OBJECT_CONVERSION = YES_AGGRESSIVE;
				CLANG_CXX_LANGUAGE_STANDARD = "gnu++20";
				CLANG_ENABLE_MODULES = YES;
				CLANG_ENABLE_OBJC_ARC = YES;
				CLANG_ENABLE_OBJC_WEAK = YES;
				CLANG_WARN_BLOCK_CAPTURE_AUTORELEASING = YES;
				CLANG_WARN_BOOL_CONVERSION = YES;
				CLANG_WARN_COMMA = YES;
				CLANG_WARN_CONSTANT_CONVERSION = YES;
				CLANG_WARN_DEPRECATED_OBJC_IMPLEMENTATIONS = YES;
				CLANG_WARN_DIRECT_OBJC_ISA_USAGE = YES_ERROR;
				CLANG_WARN_DOCUMENTATION_COMMENTS = YES;
				CLANG_WARN_EMPTY_BODY = YES;
				CLANG_WARN_ENUM_CONVERSION = YES;
				CLANG_WARN_INFINITE_RECURSION = YES;
				CLANG_WARN_INT_CONVERSION = YES;
				CLANG_WARN_NON_LITERAL_NULL_CONVERSION = YES;
				CLANG_WARN_OBJC_IMPLICIT_RETAIN_SELF = YES;
				CLANG_WARN_OBJC_LITERAL_CONVERSION = YES;
				CLANG_WARN_OBJC_ROOT_CLASS = YES_ERROR;
				CLANG_WARN_QUOTED_INCLUDE_IN_FRAMEWORK_HEADER = YES;
				CLANG_WARN_RANGE_LOOP_ANALYSIS = YES;
				CLANG_WARN_STRICT_PROTOTYPES = YES;
				CLANG_WARN_SUSPICIOUS_MOVE = YES;
				CLANG_WARN_UNGUARDED_AVAILABILITY = YES_AGGRESSIVE;
				CLANG_WARN_UNREACHABLE_CODE = YES;
				CLANG_WARN__DUPLICATE_METHOD_MATCH = YES;
				COPY_PHASE_STRIP = NO;
				DEBUG_INFORMATION_FORMAT = "dwarf-with-dsym";
				ENABLE_NS_ASSERTIONS = NO;
				ENABLE_STRICT_OBJC_MSGSEND = YES;
				ENABLE_USER_SCRIPT_SANDBOXING = YES;
				GCC_C_LANGUAGE_STANDARD = gnu17;
				GCC_NO_COMMON_BLOCKS = YES;
				GCC_WARN_64_TO_32_BIT_CONVERSION = YES;
				GCC_WARN_ABOUT_RETURN_TYPE = YES_ERROR;
				GCC_WARN_UNDECLARED_SELECTOR = YES;
				GCC_WARN_UNINITIALIZED_AUTOS = YES_AGGRESSIVE;
				GCC_WARN_UNUSED_FUNCTION = YES;
				GCC_WARN_UNUSED_VARIABLE = YES;
				MTL_ENABLE_DEBUG_INFO = NO;
				MTL_FAST_MATH = YES;
				SDKROOT = auto;
				SWIFT_COMPILATION_MODE = wholemodule;
				SWIFT_OPTIMIZATION_LEVEL = "-O";
				SWIFT_VERSION = 6.0;
				VALIDATE_PRODUCT = YES;
			};
			name = Release;
		};
		600000000000000000000003 /* Debug */ = {
			isa = XCBuildConfiguration;
			buildSettings = {
				ASSETCATALOG_COMPILER_GLOBAL_ACCENT_COLOR_NAME = AccentColor;
				CODE_SIGN_ENTITLEMENTS = MatrixNews.entitlements;
				CODE_SIGN_STYLE = Automatic;
				CURRENT_PROJECT_VERSION = 1;
				DEVELOPMENT_TEAM = "";
				ENABLE_APP_SANDBOX = YES;
				ENABLE_USER_SELECTED_FILES = readonly;
				GENERATE_INFOPLIST_FILE = YES;
				INFOPLIST_KEY_CFBundleDisplayName = "Matrix News";
				INFOPLIST_KEY_LSApplicationCategoryType = "public.app-category.news";
				INFOPLIST_KEY_NEWS_DATA_BASE_URL = "$(NEWS_DATA_BASE_URL)";
				"INFOPLIST_KEY_UIApplicationSceneManifest_Generation[sdk=iphoneos*]" = YES;
				"INFOPLIST_KEY_UIApplicationSceneManifest_Generation[sdk=iphonesimulator*]" = YES;
				"INFOPLIST_KEY_UIApplicationSupportsIndirectInputEvents[sdk=iphoneos*]" = YES;
				"INFOPLIST_KEY_UIApplicationSupportsIndirectInputEvents[sdk=iphonesimulator*]" = YES;
				"INFOPLIST_KEY_UILaunchScreen_Generation[sdk=appletvos*]" = YES;
				"INFOPLIST_KEY_UILaunchScreen_Generation[sdk=appletvsimulator*]" = YES;
				"INFOPLIST_KEY_UILaunchScreen_Generation[sdk=iphoneos*]" = YES;
				"INFOPLIST_KEY_UILaunchScreen_Generation[sdk=iphonesimulator*]" = YES;
				INFOPLIST_KEY_UISupportedInterfaceOrientations = "UIInterfaceOrientationPortrait UIInterfaceOrientationLandscapeLeft UIInterfaceOrientationLandscapeRight";
				INFOPLIST_KEY_UISupportedInterfaceOrientations_iPad = "UIInterfaceOrientationPortrait UIInterfaceOrientationPortraitUpsideDown UIInterfaceOrientationLandscapeLeft UIInterfaceOrientationLandscapeRight";
				INFOPLIST_KEY_UISupportedInterfaceOrientations_iPhone = "UIInterfaceOrientationPortrait UIInterfaceOrientationLandscapeLeft UIInterfaceOrientationLandscapeRight";
				IPHONEOS_DEPLOYMENT_TARGET = 17.0;
				LD_RUNPATH_SEARCH_PATHS = "$(inherited) @executable_path/Frameworks";
				"LD_RUNPATH_SEARCH_PATHS[sdk=macosx*]" = "$(inherited) @executable_path/../Frameworks";
				MACOSX_DEPLOYMENT_TARGET = 14.0;
				MARKETING_VERSION = 1.0;
				NEWS_DATA_BASE_URL = "";
				PRODUCT_BUNDLE_IDENTIFIER = dev.pathcosmos.MatrixNews;
				PRODUCT_NAME = "$(TARGET_NAME)";
				SDKROOT = auto;
				SUPPORTED_PLATFORMS = "iphoneos iphonesimulator macosx appletvos appletvsimulator";
				SWIFT_EMIT_LOC_STRINGS = YES;
				SWIFT_VERSION = 6.0;
				TARGETED_DEVICE_FAMILY = "1,2,3";
				TVOS_DEPLOYMENT_TARGET = 17.0;
			};
			name = Debug;
		};
		600000000000000000000004 /* Release */ = {
			isa = XCBuildConfiguration;
			buildSettings = {
				ASSETCATALOG_COMPILER_GLOBAL_ACCENT_COLOR_NAME = AccentColor;
				CODE_SIGN_ENTITLEMENTS = MatrixNews.entitlements;
				CODE_SIGN_STYLE = Automatic;
				CURRENT_PROJECT_VERSION = 1;
				DEVELOPMENT_TEAM = "";
				ENABLE_APP_SANDBOX = YES;
				ENABLE_USER_SELECTED_FILES = readonly;
				GENERATE_INFOPLIST_FILE = YES;
				INFOPLIST_KEY_CFBundleDisplayName = "Matrix News";
				INFOPLIST_KEY_LSApplicationCategoryType = "public.app-category.news";
				INFOPLIST_KEY_NEWS_DATA_BASE_URL = "$(NEWS_DATA_BASE_URL)";
				"INFOPLIST_KEY_UIApplicationSceneManifest_Generation[sdk=iphoneos*]" = YES;
				"INFOPLIST_KEY_UIApplicationSceneManifest_Generation[sdk=iphonesimulator*]" = YES;
				"INFOPLIST_KEY_UIApplicationSupportsIndirectInputEvents[sdk=iphoneos*]" = YES;
				"INFOPLIST_KEY_UIApplicationSupportsIndirectInputEvents[sdk=iphonesimulator*]" = YES;
				"INFOPLIST_KEY_UILaunchScreen_Generation[sdk=appletvos*]" = YES;
				"INFOPLIST_KEY_UILaunchScreen_Generation[sdk=appletvsimulator*]" = YES;
				"INFOPLIST_KEY_UILaunchScreen_Generation[sdk=iphoneos*]" = YES;
				"INFOPLIST_KEY_UILaunchScreen_Generation[sdk=iphonesimulator*]" = YES;
				INFOPLIST_KEY_UISupportedInterfaceOrientations = "UIInterfaceOrientationPortrait UIInterfaceOrientationLandscapeLeft UIInterfaceOrientationLandscapeRight";
				INFOPLIST_KEY_UISupportedInterfaceOrientations_iPad = "UIInterfaceOrientationPortrait UIInterfaceOrientationPortraitUpsideDown UIInterfaceOrientationLandscapeLeft UIInterfaceOrientationLandscapeRight";
				INFOPLIST_KEY_UISupportedInterfaceOrientations_iPhone = "UIInterfaceOrientationPortrait UIInterfaceOrientationLandscapeLeft UIInterfaceOrientationLandscapeRight";
				IPHONEOS_DEPLOYMENT_TARGET = 17.0;
				LD_RUNPATH_SEARCH_PATHS = "$(inherited) @executable_path/Frameworks";
				"LD_RUNPATH_SEARCH_PATHS[sdk=macosx*]" = "$(inherited) @executable_path/../Frameworks";
				MACOSX_DEPLOYMENT_TARGET = 14.0;
				MARKETING_VERSION = 1.0;
				NEWS_DATA_BASE_URL = "";
				PRODUCT_BUNDLE_IDENTIFIER = dev.pathcosmos.MatrixNews;
				PRODUCT_NAME = "$(TARGET_NAME)";
				SDKROOT = auto;
				SUPPORTED_PLATFORMS = "iphoneos iphonesimulator macosx appletvos appletvsimulator";
				SWIFT_EMIT_LOC_STRINGS = YES;
				SWIFT_VERSION = 6.0;
				TARGETED_DEVICE_FAMILY = "1,2,3";
				TVOS_DEPLOYMENT_TARGET = 17.0;
			};
			name = Release;
		};
/* End XCBuildConfiguration section */

/* Begin XCConfigurationList section */
		700000000000000000000001 /* Build configuration list for PBXProject "MatrixNews" */ = {
			isa = XCConfigurationList;
			buildConfigurations = (
				600000000000000000000001 /* Debug */,
				600000000000000000000002 /* Release */,
			);
			defaultConfigurationIsVisible = 0;
			defaultConfigurationName = Release;
		};
		700000000000000000000002 /* Build configuration list for PBXNativeTarget "MatrixNews" */ = {
			isa = XCConfigurationList;
			buildConfigurations = (
				600000000000000000000003 /* Debug */,
				600000000000000000000004 /* Release */,
			);
			defaultConfigurationIsVisible = 0;
			defaultConfigurationName = Release;
		};
/* End XCConfigurationList section */
	};
	rootObject = 000000000000000000000001 /* Project object */;
}
